// !$*UTF8*$!
{
	archiveVersion = 1;
	classes = {
	};
	objectVersion = 46;
	objects = {

/* Begin PBXBuildFile section */
		97CF385E1EAA8D7D0096182F /* AppDelegate.swift in Sources */ = {isa = PBXBuildFile; fileRef = 97CF385D1EAA8D7D0096182F /* AppDelegate.swift */; };
		97CF38601EAA8D7D0096182F /* ViewController.swift in Sources */ = {isa = PBXBuildFile; fileRef = 97CF385F1EAA8D7D0096182F /* ViewController.swift */; };
		97CF38651EAA8D7D0096182F /* Assets.xcassets in Resources */ = {isa = PBXBuildFile; fileRef = 97CF38641EAA8D7D0096182F /* Assets.xcassets */; };
		97CF38681EAA8D7D0096182F /* LaunchScreen.storyboard in Resources */ = {isa = PBXBuildFile; fileRef = 97CF38661EAA8D7D0096182F /* LaunchScreen.storyboard */; };
		97CF38721EAA8D990096182F /* CurrentWeather.swift in Sources */ = {isa = PBXBuildFile; fileRef = 97CF386F1EAA8D990096182F /* CurrentWeather.swift */; };
		97CF38731EAA8D990096182F /* WeatherIcon.swift in Sources */ = {isa = PBXBuildFile; fileRef = 97CF38701EAA8D990096182F /* WeatherIcon.swift */; };
		97CF38741EAA8D990096182F /* CurrentWeatherViewModel.swift in Sources */ = {isa = PBXBuildFile; fileRef = 97CF38711EAA8D990096182F /* CurrentWeatherViewModel.swift */; };
		97CF38761EAA8DCD0096182F /* Main.storyboard in Resources */ = {isa = PBXBuildFile; fileRef = 97CF38751EAA8DCD0096182F /* Main.storyboard */; };
		97CF38781EAB34600096182F /* JSONDownLoader.swift in Sources */ = {isa = PBXBuildFile; fileRef = 97CF38771EAB34600096182F /* JSONDownLoader.swift */; };
		97CF387A1EABA1440096182F /* DarkSkyError.swift in Sources */ = {isa = PBXBuildFile; fileRef = 97CF38791EABA1440096182F /* DarkSkyError.swift */; };
		97CF387D1EABBFD70096182F /* DarkSkyAPIClient.swift in Sources */ = {isa = PBXBuildFile; fileRef = 97CF387B1EABBFD70096182F /* DarkSkyAPIClient.swift */; };
		97CF387E1EABBFD70096182F /* Coordinate.swift in Sources */ = {isa = PBXBuildFile; fileRef = 97CF387C1EABBFD70096182F /* Coordinate.swift */; };
/* End PBXBuildFile section */

/* Begin PBXFileReference section */
		97CF385A1EAA8D7D0096182F /* Stormy.app */ = {isa = PBXFileReference; explicitFileType = wrapper.application; includeInIndex = 0; path = Stormy.app; sourceTree = BUILT_PRODUCTS_DIR; };
		97CF385D1EAA8D7D0096182F /* AppDelegate.swift */ = {isa = PBXFileReference; lastKnownFileType = sourcecode.swift; path = AppDelegate.swift; sourceTree = "<group>"; };
		97CF385F1EAA8D7D0096182F /* ViewController.swift */ = {isa = PBXFileReference; lastKnownFileType = sourcecode.swift; path = ViewController.swift; sourceTree = "<group>"; };
		97CF38641EAA8D7D0096182F /* Assets.xcassets */ = {isa = PBXFileReference; lastKnownFileType = folder.assetcatalog; path = Assets.xcassets; sourceTree = "<group>"; };
		97CF38671EAA8D7D0096182F /* Base */ = {isa = PBXFileReference; lastKnownFileType = file.storyboard; name = Base; path = Base.lproj/LaunchScreen.storyboard; sourceTree = "<group>"; };
		97CF38691EAA8D7D0096182F /* Info.plist */ = {isa = PBXFileReference; lastKnownFileType = text.plist.xml; path = Info.plist; sourceTree = "<group>"; };
		97CF386F1EAA8D990096182F /* CurrentWeather.swift */ = {isa = PBXFileReference; fileEncoding = 4; lastKnownFileType = sourcecode.swift; path = CurrentWeather.swift; sourceTree = "<group>"; };
		97CF38701EAA8D990096182F /* WeatherIcon.swift */ = {isa = PBXFileReference; fileEncoding = 4; lastKnownFileType = sourcecode.swift; path = WeatherIcon.swift; sourceTree = "<group>"; };
		97CF38711EAA8D990096182F /* CurrentWeatherViewModel.swift */ = {isa = PBXFileReference; fileEncoding = 4; lastKnownFileType = sourcecode.swift; path = CurrentWeatherViewModel.swift; sourceTree = "<group>"; };
		97CF38751EAA8DCD0096182F /* Main.storyboard */ = {isa = PBXFileReference; fileEncoding = 4; lastKnownFileType = file.storyboard; path = Main.storyboard; sourceTree = "<group>"; };
		97CF38771EAB34600096182F /* JSONDownLoader.swift */ = {isa = PBXFileReference; fileEncoding = 4; lastKnownFileType = sourcecode.swift; path = JSONDownLoader.swift; sourceTree = "<group>"; };
		97CF38791EABA1440096182F /* DarkSkyError.swift */ = {isa = PBXFileReference; fileEncoding = 4; lastKnownFileType = sourcecode.swift; path = DarkSkyError.swift; sourceTree = "<group>"; };
		97CF387B1EABBFD70096182F /* DarkSkyAPIClient.swift */ = {isa = PBXFileReference; fileEncoding = 4; lastKnownFileType = sourcecode.swift; path = DarkSkyAPIClient.swift; sourceTree = "<group>"; };
		97CF387C1EABBFD70096182F /* Coordinate.swift */ = {isa = PBXFileReference; fileEncoding = 4; lastKnownFileType = sourcecode.swift; path = Coordinate.swift; sourceTree = "<group>"; };
/* End PBXFileReference section */

/* Begin PBXFrameworksBuildPhase section */
		97CF38571EAA8D7D0096182F /* Frameworks */ = {
			isa = PBXFrameworksBuildPhase;
			buildActionMask = 2147483647;
			files = (
			);
			runOnlyForDeploymentPostprocessing = 0;
		};
/* End PBXFrameworksBuildPhase section */

/* Begin PBXGroup section */
		97CF38511EAA8D7D0096182F = {
			isa = PBXGroup;
			children = (
				97CF385C1EAA8D7D0096182F /* Stormy */,
				97CF385B1EAA8D7D0096182F /* Products */,
			);
			sourceTree = "<group>";
		};
		97CF385B1EAA8D7D0096182F /* Products */ = {
			isa = PBXGroup;
			children = (
				97CF385A1EAA8D7D0096182F /* Stormy.app */,
			);
			name = Products;
			sourceTree = "<group>";
		};
		97CF385C1EAA8D7D0096182F /* Stormy */ = {
			isa = PBXGroup;
			children = (
				97CF385D1EAA8D7D0096182F /* AppDelegate.swift */,
				97CF385F1EAA8D7D0096182F /* ViewController.swift */,
				97CF38751EAA8DCD0096182F /* Main.storyboard */,
				97CF38641EAA8D7D0096182F /* Assets.xcassets */,
				97CF38661EAA8D7D0096182F /* LaunchScreen.storyboard */,
				97CF386F1EAA8D990096182F /* CurrentWeather.swift */,
				97CF38701EAA8D990096182F /* WeatherIcon.swift */,
				97CF38711EAA8D990096182F /* CurrentWeatherViewModel.swift */,
				97CF38691EAA8D7D0096182F /* Info.plist */,
				97CF38771EAB34600096182F /* JSONDownLoader.swift */,
				97CF38791EABA1440096182F /* DarkSkyError.swift */,
				97CF387B1EABBFD70096182F /* DarkSkyAPIClient.swift */,
				97CF387C1EABBFD70096182F /* Coordinate.swift */,
			);
			path = Stormy;
			sourceTree = "<group>";
		};
/* End PBXGroup section */

/* Begin PBXNativeTarget section */
		97CF38591EAA8D7D0096182F /* Stormy */ = {
			isa = PBXNativeTarget;
			buildConfigurationList = 97CF386C1EAA8D7D0096182F /* Build configuration list for PBXNativeTarget "Stormy" */;
			buildPhases = (
				97CF38561EAA8D7D0096182F /* Sources */,
				97CF38571EAA8D7D0096182F /* Frameworks */,
				97CF38581EAA8D7D0096182F /* Resources */,
			);
			buildRules = (
			);
			dependencies = (
			);
			name = Stormy;
			productName = Stormy;
			productReference = 97CF385A1EAA8D7D0096182F /* Stormy.app */;
			productType = "com.apple.product-type.application";
		};
/* End PBXNativeTarget section */

/* Begin PBXProject section */
		97CF38521EAA8D7D0096182F /* Project object */ = {
			isa = PBXProject;
			attributes = {
				LastSwiftUpdateCheck = 0810;
				LastUpgradeCheck = 0810;
				ORGANIZATIONNAME = Apple;
				TargetAttributes = {
					97CF38591EAA8D7D0096182F = {
						CreatedOnToolsVersion = 8.1;
						ProvisioningStyle = Automatic;
					};
				};
			};
			buildConfigurationList = 97CF38551EAA8D7D0096182F /* Build configuration list for PBXProject "Stormy" */;
			compatibilityVersion = "Xcode 3.2";
			developmentRegion = English;
			hasScannedForEncodings = 0;
			knownRegions = (
				en,
				Base,
			);
			mainGroup = 97CF38511EAA8D7D0096182F;
			productRefGroup = 97CF385B1EAA8D7D0096182F /* Products */;
			projectDirPath = "";
			projectRoot = "";
			targets = (
				97CF38591EAA8D7D0096182F /* Stormy */,
			);
		};
/* End PBXProject section */

/* Begin PBXResourcesBuildPhase section */
		97CF38581EAA8D7D0096182F /* Resources */ = {
			isa = PBXResourcesBuildPhase;
			buildActionMask = 2147483647;
			files = (
				97CF38761EAA8DCD0096182F /* Main.storyboard in Resources */,
				97CF38681EAA8D7D0096182F /* LaunchScreen.storyboard in Resources */,
				97CF38651EAA8D7D0096182F /* Assets.xcassets in Resources */,
			);
			runOnlyForDeploymentPostprocessing = 0;
		};
/* End PBXResourcesBuildPhase section */

/* Begin PBXSourcesBuildPhase section */
		97CF38561EAA8D7D0096182F /* Sources */ = {
			isa = PBXSourcesBuildPhase;
			buildActionMask = 2147483647;
			files = (
				97CF387A1EABA1440096182F /* DarkSkyError.swift in Sources */,
				97CF38601EAA8D7D0096182F /* ViewController.swift in Sources */,
				97CF38731EAA8D990096182F /* WeatherIcon.swift in Sources */,
				97CF387D1EABBFD70096182F /* DarkSkyAPIClient.swift in Sources */,
				97CF38741EAA8D990096182F /* CurrentWeatherViewModel.swift in Sources */,
				97CF387E1EABBFD70096182F /* Coordinate.swift in Sources */,
				97CF38721EAA8D990096182F /* CurrentWeather.swift in Sources */,
				97CF38781EAB34600096182F /* JSONDownLoader.swift in Sources */,
				97CF385E1EAA8D7D0096182F /* AppDelegate.swift in Sources */,
			);
			runOnlyForDeploymentPostprocessing = 0;
		};
/* End PBXSourcesBuildPhase section */

/* Begin PBXVariantGroup section */
		97CF38661EAA8D7D0096182F /* LaunchScreen.storyboard */ = {
			isa = PBXVariantGroup;
			children = (
				97CF38671EAA8D7D0096182F /* Base */,
			);
			name = LaunchScreen.storyboard;
			sourceTree = "<group>";
		};
/* End PBXVariantGroup section */

/* Begin XCBuildConfiguration section */
		97CF386A1EAA8D7D0096182F /* Debug */ = {
			isa = XCBuildConfiguration;
			buildSettings = {
				ALWAYS_SEARCH_USER_PATHS = NO;
				CLANG_ANALYZER_NONNULL = YES;
				CLANG_CXX_LANGUAGE_STANDARD = "gnu++0x";
				CLANG_CXX_LIBRARY = "libc++";
				CLANG_ENABLE_MODULES = YES;
				CLANG_ENABLE_OBJC_ARC = YES;
				CLANG_WARN_BOOL_CONVERSION = YES;
				CLANG_WARN_CONSTANT_CONVERSION = YES;
				CLANG_WARN_DIRECT_OBJC_ISA_USAGE = YES_ERROR;
				CLANG_WARN_DOCUMENTATION_COMMENTS = YES;
				CLANG_WARN_EMPTY_BODY = YES;
				CLANG_WARN_ENUM_CONVERSION = YES;
				CLANG_WARN_INFINITE_RECURSION = YES;
				CLANG_WARN_INT_CONVERSION = YES;
				CLANG_WARN_OBJC_ROOT_CLASS = YES_ERROR;
				CLANG_WARN_SUSPICIOUS_MOVES = YES;
				CLANG_WARN_UNREACHABLE_CODE = YES;
				CLANG_WARN__DUPLICATE_METHOD_MATCH = YES;
				"CODE_SIGN_IDENTITY[sdk=iphoneos*]" = "iPhone Developer";
				COPY_PHASE_STRIP = NO;
				DEBUG_INFORMATION_FORMAT = dwarf;
				ENABLE_STRICT_OBJC_MSGSEND = YES;
				ENABLE_TESTABILITY = YES;
				GCC_C_LANGUAGE_STANDARD = gnu99;
				GCC_DYNAMIC_NO_PIC = NO;
				GCC_NO_COMMON_BLOCKS = YES;
				GCC_OPTIMIZATION_LEVEL = 0;
				GCC_PREPROCESSOR_DEFINITIONS = (
					"DEBUG=1",
					"$(inherited)",
				);
				GCC_WARN_64_TO_32_BIT_CONVERSION = YES;
				GCC_WARN_ABOUT_RETURN_TYPE = YES_ERROR;
				GCC_WARN_UNDECLARED_SELECTOR = YES;
				GCC_WARN_UNINITIALIZED_AUTOS = YES_AGGRESSIVE;
				GCC_WARN_UNUSED_FUNCTION = YES;
				GCC_WARN_UNUSED_VARIABLE = YES;
				IPHONEOS_DEPLOYMENT_TARGET = 10.1;
				MTL_ENABLE_DEBUG_INFO = YES;
				ONLY_ACTIVE_ARCH = YES;
				SDKROOT = iphoneos;
				SWIFT_ACTIVE_COMPILATION_CONDITIONS = DEBUG;
				SWIFT_OPTIMIZATION_LEVEL = "-Onone";
			};
			name = Debug;
		};
		97CF386B1EAA8D7D0096182F /* Release */ = {
			isa = XCBuildConfiguration;
			buildSettings = {
				ALWAYS_SEARCH_USER_PATHS = NO;
				CLANG_ANALYZER_NONNULL = YES;
				CLANG_CXX_LANGUAGE_STANDARD = "gnu++0x";
				CLANG_CXX_LIBRARY = "libc++";
				CLANG_ENABLE_MODULES = YES;
				CLANG_ENABLE_OBJC_ARC = YES;
				CLANG_WARN_BOOL_CONVERSION = YES;
				CLANG_WARN_CONSTANT_CONVERSION = YES;
				CLANG_WARN_DIRECT_OBJC_ISA_USAGE = YES_ERROR;
				CLANG_WARN_DOCUMENTATION_COMMENTS = YES;
				CLANG_WARN_EMPTY_BODY = YES;
				CLANG_WARN_ENUM_CONVERSION = YES;
				CLANG_WARN_INFINITE_RECURSION = YES;
				CLANG_WARN_INT_CONVERSION = YES;
				CLANG_WARN_OBJC_ROOT_CLASS = YES_ERROR;
				CLANG_WARN_SUSPICIOUS_MOVES = YES;
				CLANG_WARN_UNREACHABLE_CODE = YES;
				CLANG_WARN__DUPLICATE_METHOD_MATCH = YES;
				"CODE_SIGN_IDENTITY[sdk=iphoneos*]" = "iPhone Developer";
				COPY_PHASE_STRIP = NO;
				DEBUG_INFORMATION_FORMAT = "dwarf-with-dsym";
				ENABLE_NS_ASSERTIONS = NO;
				ENABLE_STRICT_OBJC_MSGSEND = YES;
				GCC_C_LANGUAGE_STANDARD = gnu99;
				GCC_NO_COMMON_BLOCKS = YES;
				GCC_WARN_64_TO_32_BIT_CONVERSION = YES;
				GCC_WARN_ABOUT_RETURN_TYPE = YES_ERROR;
				GCC_WARN_UNDECLARED_SELECTOR = YES;
				GCC_WARN_UNINITIALIZED_AUTOS = YES_AGGRESSIVE;
				GCC_WARN_UNUSED_FUNCTION = YES;
				GCC_WARN_UNUSED_VARIABLE = YES;
				IPHONEOS_DEPLOYMENT_TARGET = 10.1;
				MTL_ENABLE_DEBUG_INFO = NO;
				SDKROOT = iphoneos;
				SWIFT_OPTIMIZATION_LEVEL = "-Owholemodule";
				VALIDATE_PRODUCT = YES;
			};
			name = Release;
		};
		97CF386D1EAA8D7D0096182F /* Debug */ = {
			isa = XCBuildConfiguration;
			buildSettings = {
				ASSETCATALOG_COMPILER_APPICON_NAME = AppIcon;
				INFOPLIST_FILE = Stormy/Info.plist;
				LD_RUNPATH_SEARCH_PATHS = "$(inherited) @executable_path/Frameworks";
				PRODUCT_BUNDLE_IDENTIFIER = com.apple.Apple.Stormy;
				PRODUCT_NAME = "$(TARGET_NAME)";
				SWIFT_VERSION = 3.0;
			};
			name = Debug;
		};
		97CF386E1EAA8D7D0096182F /* Release */ = {
			isa = XCBuildConfiguration;
			buildSettings = {
				ASSETCATALOG_COMPILER_APPICON_NAME = AppIcon;
				INFOPLIST_FILE = Stormy/Info.plist;
				LD_RUNPATH_SEARCH_PATHS = "$(inherited) @executable_path/Frameworks";
				PRODUCT_BUNDLE_IDENTIFIER = com.apple.Apple.Stormy;
				PRODUCT_NAME = "$(TARGET_NAME)";
				SWIFT_VERSION = 3.0;
			};
			name = Release;
		};
/* End XCBuildConfiguration section */

/* Begin XCConfigurationList section */
		97CF38551EAA8D7D0096182F /* Build configuration list for PBXProject "Stormy" */ = {
			isa = XCConfigurationList;
			buildConfigurations = (
				97CF386A1EAA8D7D0096182F /* Debug */,
				97CF386B1EAA8D7D0096182F /* Release */,
			);
			defaultConfigurationIsVisible = 0;
			defaultConfigurationName = Release;
		};
		97CF386C1EAA8D7D0096182F /* Build configuration list for PBXNativeTarget "Stormy" */ = {
			isa = XCConfigurationList;
			buildConfigurations = (
				97CF386D1EAA8D7D0096182F /* Debug */,
				97CF386E1EAA8D7D0096182F /* Release */,
			);
			defaultConfigurationIsVisible = 0;
			defaultConfigurationName = Release;
		};
/* End XCConfigurationList section */
	};
	rootObject = 97CF38521EAA8D7D0096182F /* Project object */;
}
